
Microsoft Visual Studio Solution File, Format Version 12.00
# Visual Studio Version 17
VisualStudioVersion = 17.8.34601.278
MinimumVisualStudioVersion = 10.0.40219.1
Project("{FAE04EC0-301F-11D3-BF4B-00C04F79EFBC}") = "Rita", "Rita\Rita.csproj", "{5E707027-2CA0-4087-A64C-89F7E2DA3B86}"
EndProject
Global
	GlobalSection(SolutionConfigurationPlatforms) = preSolution
		Debug|Any CPU = Debug|Any CPU
		Release|Any CPU = Release|Any CPU
	EndGlobalSection
	GlobalSection(ProjectConfigurationPlatforms) = postSolution
		{5E707027-2CA0-4087-A64C-89F7E2DA3B86}.Debug|Any CPU.ActiveCfg = Debug|Any CPU
		{5E707027-2CA0-4087-A64C-89F7E2DA3B86}.Debug|Any CPU.Build.0 = Debug|Any CPU
		{5E707027-2CA0-4087-A64C-89F7E2DA3B86}.Release|Any CPU.ActiveCfg = Release|Any CPU
		{5E707027-2CA0-4087-A64C-89F7E2DA3B86}.Release|Any CPU.Build.0 = Release|Any CPU
	EndGlobalSection
	GlobalSection(SolutionProperties) = preSolution
		HideSolutionNode = FALSE
	EndGlobalSection
	GlobalSection(ExtensibilityGlobals) = postSolution
		SolutionGuid = {CF57A59E-5FDA-4322-9D71-0461511ED4E5}
	EndGlobalSection
EndGlobal
